
Microsoft Visual Studio Solution File, Format Version 11.00
# Visual C++ Express 2010
Project("{8BC9CEB8-8B4A-11D0-8D11-00A0C91BC942}") = "vc2010", "vc2010.vcxproj", "{13DFD7EB-E935-4704-8F7A-EB3EBB5BAAB4}"
EndProject
Global
	GlobalSection(SolutionConfigurationPlatforms) = preSolution
		img|Win32 = img|Win32
	EndGlobalSection
	GlobalSection(ProjectConfigurationPlatforms) = postSolution
		{13DFD7EB-E935-4704-8F7A-EB3EBB5BAAB4}.img|Win32.ActiveCfg = img|Win32
		{13DFD7EB-E935-4704-8F7A-EB3EBB5BAAB4}.img|Win32.Build.0 = img|Win32
	EndGlobalSection
	GlobalSection(SolutionProperties) = preSolution
		HideSolutionNode = FALSE
	EndGlobalSection
EndGlobal
